
Microsoft Visual Studio Solution File, Format Version 12.00
# Visual Studio 15
VisualStudioVersion = 15.0.28010.0
MinimumVisualStudioVersion = 10.0.40219.1
Project("{FAE04EC0-301F-11D3-BF4B-00C04F79EFBC}") = "HelloCS", "HelloCS\HelloCS.csproj", "{245E60A4-C340-4CF3-B212-3C0D6C9FAD29}"
EndProject
Project("{FAE04EC0-301F-11D3-BF4B-00C04F79EFBC}") = "DataType", "DataType\DataType.csproj", "{AF134A69-2B98-4241-8AB1-A3F80C44648C}"
EndProject
Project("{FAE04EC0-301F-11D3-BF4B-00C04F79EFBC}") = "BasicGram", "BasicGram\BasicGram.csproj", "{15A01ECC-DF69-4ADF-A1C1-56C54DE09AA0}"
EndProject
Project("{FAE04EC0-301F-11D3-BF4B-00C04F79EFBC}") = "ArrayPractice", "ArrayPractice\ArrayPractice.csproj", "{12B6CB5F-25AE-40BC-B77F-0B92F7A5F570}"
EndProject
Global
	GlobalSection(SolutionConfigurationPlatforms) = preSolution
		Debug|Any CPU = Debug|Any CPU
		Release|Any CPU = Release|Any CPU
	EndGlobalSection
	GlobalSection(ProjectConfigurationPlatforms) = postSolution
		{245E60A4-C340-4CF3-B212-3C0D6C9FAD29}.Debug|Any CPU.ActiveCfg = Debug|Any CPU
		{245E60A4-C340-4CF3-B212-3C0D6C9FAD29}.Debug|Any CPU.Build.0 = Debug|Any CPU
		{245E60A4-C340-4CF3-B212-3C0D6C9FAD29}.Release|Any CPU.ActiveCfg = Release|Any CPU
		{245E60A4-C340-4CF3-B212-3C0D6C9FAD29}.Release|Any CPU.Build.0 = Release|Any CPU
		{AF134A69-2B98-4241-8AB1-A3F80C44648C}.Debug|Any CPU.ActiveCfg = Debug|Any CPU
		{AF134A69-2B98-4241-8AB1-A3F80C44648C}.Debug|Any CPU.Build.0 = Debug|Any CPU
		{AF134A69-2B98-4241-8AB1-A3F80C44648C}.Release|Any CPU.ActiveCfg = Release|Any CPU
		{AF134A69-2B98-4241-8AB1-A3F80C44648C}.Release|Any CPU.Build.0 = Release|Any CPU
		{15A01ECC-DF69-4ADF-A1C1-56C54DE09AA0}.Debug|Any CPU.ActiveCfg = Debug|Any CPU
		{15A01ECC-DF69-4ADF-A1C1-56C54DE09AA0}.Debug|Any CPU.Build.0 = Debug|Any CPU
		{15A01ECC-DF69-4ADF-A1C1-56C54DE09AA0}.Release|Any CPU.ActiveCfg = Release|Any CPU
		{15A01ECC-DF69-4ADF-A1C1-56C54DE09AA0}.Release|Any CPU.Build.0 = Release|Any CPU
		{12B6CB5F-25AE-40BC-B77F-0B92F7A5F570}.Debug|Any CPU.ActiveCfg = Debug|Any CPU
		{12B6CB5F-25AE-40BC-B77F-0B92F7A5F570}.Debug|Any CPU.Build.0 = Debug|Any CPU
		{12B6CB5F-25AE-40BC-B77F-0B92F7A5F570}.Release|Any CPU.ActiveCfg = Release|Any CPU
		{12B6CB5F-25AE-40BC-B77F-0B92F7A5F570}.Release|Any CPU.Build.0 = Release|Any CPU
	EndGlobalSection
	GlobalSection(SolutionProperties) = preSolution
		HideSolutionNode = FALSE
	EndGlobalSection
	GlobalSection(ExtensibilityGlobals) = postSolution
		SolutionGuid = {99E9EA79-976E-4FFA-A740-FAAE9A93A611}
	EndGlobalSection
EndGlobal
